
Microsoft Visual Studio Solution File, Format Version 12.00
# Visual Studio Version 17
VisualStudioVersion = 17.12.35527.113
MinimumVisualStudioVersion = 10.0.40219.1
Project("{FAE04EC0-301F-11D3-BF4B-00C04F79EFBC}") = "AbstractAndInterfaceDemo", "AbstractAndInterfaceDemo.csproj", "{D01DB083-62E8-4DC7-85E4-F2710B8BF1C1}"
EndProject
Project("{FAE04EC0-301F-11D3-BF4B-00C04F79EFBC}") = "PartialDemo", "..\PartialDemo\PartialDemo.csproj", "{99106ED7-B5BE-421C-BE67-5D14DC83ED9D}"
EndProject
Global
	GlobalSection(SolutionConfigurationPlatforms) = preSolution
		Debug|Any CPU = Debug|Any CPU
		Release|Any CPU = Release|Any CPU
	EndGlobalSection
	GlobalSection(ProjectConfigurationPlatforms) = postSolution
		{D01DB083-62E8-4DC7-85E4-F2710B8BF1C1}.Debug|Any CPU.ActiveCfg = Debug|Any CPU
		{D01DB083-62E8-4DC7-85E4-F2710B8BF1C1}.Debug|Any CPU.Build.0 = Debug|Any CPU
		{D01DB083-62E8-4DC7-85E4-F2710B8BF1C1}.Release|Any CPU.ActiveCfg = Release|Any CPU
		{D01DB083-62E8-4DC7-85E4-F2710B8BF1C1}.Release|Any CPU.Build.0 = Release|Any CPU
		{99106ED7-B5BE-421C-BE67-5D14DC83ED9D}.Debug|Any CPU.ActiveCfg = Debug|Any CPU
		{99106ED7-B5BE-421C-BE67-5D14DC83ED9D}.Debug|Any CPU.Build.0 = Debug|Any CPU
		{99106ED7-B5BE-421C-BE67-5D14DC83ED9D}.Release|Any CPU.ActiveCfg = Release|Any CPU
		{99106ED7-B5BE-421C-BE67-5D14DC83ED9D}.Release|Any CPU.Build.0 = Release|Any CPU
	EndGlobalSection
	GlobalSection(SolutionProperties) = preSolution
		HideSolutionNode = FALSE
	EndGlobalSection
EndGlobal
